
Microsoft Visual Studio Solution File, Format Version 12.00
# Visual Studio Express 2012 for Windows Desktop
Project("{FAE04EC0-301F-11D3-BF4B-00C04F79EFBC}") = "ImageViwer_Beta", "ImageViwer_Beta\ImageViwer_Beta.csproj", "{4258F1AB-DB96-4BB1-BCC5-63449E8CCAAA}"
EndProject
Global
	GlobalSection(SolutionConfigurationPlatforms) = preSolution
		Debug|Any CPU = Debug|Any CPU
		Release|Any CPU = Release|Any CPU
	EndGlobalSection
	GlobalSection(ProjectConfigurationPlatforms) = postSolution
		{4258F1AB-DB96-4BB1-BCC5-63449E8CCAAA}.Debug|Any CPU.ActiveCfg = Debug|Any CPU
		{4258F1AB-DB96-4BB1-BCC5-63449E8CCAAA}.Debug|Any CPU.Build.0 = Debug|Any CPU
		{4258F1AB-DB96-4BB1-BCC5-63449E8CCAAA}.Release|Any CPU.ActiveCfg = Release|Any CPU
		{4258F1AB-DB96-4BB1-BCC5-63449E8CCAAA}.Release|Any CPU.Build.0 = Release|Any CPU
	EndGlobalSection
	GlobalSection(SolutionProperties) = preSolution
		HideSolutionNode = FALSE
	EndGlobalSection
EndGlobal
